// !$*UTF8*$!
{
	archiveVersion = 1;
	classes = {
	};
	objectVersion = 46;
	objects = {

/* Begin PBXBuildFile section */
		2C6A68681E642D70004F11AF /* AppDelegate.swift in Sources */ = {isa = PBXBuildFile; fileRef = 2C6A68671E642D70004F11AF /* AppDelegate.swift */; };
		2C6A686A1E642D70004F11AF /* ViewController.swift in Sources */ = {isa = PBXBuildFile; fileRef = 2C6A68691E642D70004F11AF /* ViewController.swift */; };
		2C6A686D1E642D70004F11AF /* Main.storyboard in Resources */ = {isa = PBXBuildFile; fileRef = 2C6A686B1E642D70004F11AF /* Main.storyboard */; };
		2C6A686F1E642D70004F11AF /* Assets.xcassets in Resources */ = {isa = PBXBuildFile; fileRef = 2C6A686E1E642D70004F11AF /* Assets.xcassets */; };
		2C6A68721E642D70004F11AF /* LaunchScreen.storyboard in Resources */ = {isa = PBXBuildFile; fileRef = 2C6A68701E642D70004F11AF /* LaunchScreen.storyboard */; };
		BA06F1501E644915000BA647 /* PhotoCell.swift in Sources */ = {isa = PBXBuildFile; fileRef = BA06F14F1E644915000BA647 /* PhotoCell.swift */; };
/* End PBXBuildFile section */

/* Begin PBXFileReference section */
		2C6A68641E642D70004F11AF /* CollectionViewHomeWork.app */ = {isa = PBXFileReference; explicitFileType = wrapper.application; includeInIndex = 0; path = CollectionViewHomeWork.app; sourceTree = BUILT_PRODUCTS_DIR; };
		2C6A68671E642D70004F11AF /* AppDelegate.swift */ = {isa = PBXFileReference; lastKnownFileType = sourcecode.swift; path = AppDelegate.swift; sourceTree = "<group>"; };
		2C6A68691E642D70004F11AF /* ViewController.swift */ = {isa = PBXFileReference; lastKnownFileType = sourcecode.swift; path = ViewController.swift; sourceTree = "<group>"; };
		2C6A686C1E642D70004F11AF /* Base */ = {isa = PBXFileReference; lastKnownFileType = file.storyboard; name = Base; path = Base.lproj/Main.storyboard; sourceTree = "<group>"; };
		2C6A686E1E642D70004F11AF /* Assets.xcassets */ = {isa = PBXFileReference; lastKnownFileType = folder.assetcatalog; path = Assets.xcassets; sourceTree = "<group>"; };
		2C6A68711E642D70004F11AF /* Base */ = {isa = PBXFileReference; lastKnownFileType = file.storyboard; name = Base; path = Base.lproj/LaunchScreen.storyboard; sourceTree = "<group>"; };
		2C6A68731E642D70004F11AF /* Info.plist */ = {isa = PBXFileReference; lastKnownFileType = text.plist.xml; path = Info.plist; sourceTree = "<group>"; };
		BA06F14F1E644915000BA647 /* PhotoCell.swift */ = {isa = PBXFileReference; fileEncoding = 4; lastKnownFileType = sourcecode.swift; path = PhotoCell.swift; sourceTree = "<group>"; };
/* End PBXFileReference section */

/* Begin PBXFrameworksBuildPhase section */
		2C6A68611E642D70004F11AF /* Frameworks */ = {
			isa = PBXFrameworksBuildPhase;
			buildActionMask = 2147483647;
			files = (
			);
			runOnlyForDeploymentPostprocessing = 0;
		};
/* End PBXFrameworksBuildPhase section */

/* Begin PBXGroup section */
		2C6A685B1E642D70004F11AF = {
			isa = PBXGroup;
			children = (
				2C6A68661E642D70004F11AF /* CollectionViewHomeWork */,
				2C6A68651E642D70004F11AF /* Products */,
			);
			sourceTree = "<group>";
		};
		2C6A68651E642D70004F11AF /* Products */ = {
			isa = PBXGroup;
			children = (
				2C6A68641E642D70004F11AF /* CollectionViewHomeWork.app */,
			);
			name = Products;
			sourceTree = "<group>";
		};
		2C6A68661E642D70004F11AF /* CollectionViewHomeWork */ = {
			isa = PBXGroup;
			children = (
				2C6A68671E642D70004F11AF /* AppDelegate.swift */,
				2C6A68691E642D70004F11AF /* ViewController.swift */,
				2C6A686B1E642D70004F11AF /* Main.storyboard */,
				BA06F14F1E644915000BA647 /* PhotoCell.swift */,
				2C6A686E1E642D70004F11AF /* Assets.xcassets */,
				2C6A68701E642D70004F11AF /* LaunchScreen.storyboard */,
				2C6A68731E642D70004F11AF /* Info.plist */,
			);
			path = CollectionViewHomeWork;
			sourceTree = "<group>";
		};
/* End PBXGroup section */

/* Begin PBXNativeTarget section */
		2C6A68631E642D70004F11AF /* CollectionViewHomeWork */ = {
			isa = PBXNativeTarget;
			buildConfigurationList = 2C6A68761E642D70004F11AF /* Build configuration list for PBXNativeTarget "CollectionViewHomeWork" */;
			buildPhases = (
				2C6A68601E642D70004F11AF /* Sources */,
				2C6A68611E642D70004F11AF /* Frameworks */,
				2C6A68621E642D70004F11AF /* Resources */,
			);
			buildRules = (
			);
			dependencies = (
			);
			name = CollectionViewHomeWork;
			productName = CollectionViewHomeWork;
			productReference = 2C6A68641E642D70004F11AF /* CollectionViewHomeWork.app */;
			productType = "com.apple.product-type.application";
		};
/* End PBXNativeTarget section */

/* Begin PBXProject section */
		2C6A685C1E642D70004F11AF /* Project object */ = {
			isa = PBXProject;
			attributes = {
				LastSwiftUpdateCheck = 0820;
				LastUpgradeCheck = 0820;
				ORGANIZATIONNAME = mmd;
				TargetAttributes = {
					2C6A68631E642D70004F11AF = {
						CreatedOnToolsVersion = 8.2.1;
						DevelopmentTeam = 3Z3K367TN7;
						ProvisioningStyle = Automatic;
					};
				};
			};
			buildConfigurationList = 2C6A685F1E642D70004F11AF /* Build configuration list for PBXProject "CollectionViewHomeWork" */;
			compatibilityVersion = "Xcode 3.2";
			developmentRegion = English;
			hasScannedForEncodings = 0;
			knownRegions = (
				en,
				Base,
			);
			mainGroup = 2C6A685B1E642D70004F11AF;
			productRefGroup = 2C6A68651E642D70004F11AF /* Products */;
			projectDirPath = "";
			projectRoot = "";
			targets = (
				2C6A68631E642D70004F11AF /* CollectionViewHomeWork */,
			);
		};
/* End PBXProject section */

/* Begin PBXResourcesBuildPhase section */
		2C6A68621E642D70004F11AF /* Resources */ = {
			isa = PBXResourcesBuildPhase;
			buildActionMask = 2147483647;
			files = (
				2C6A68721E642D70004F11AF /* LaunchScreen.storyboard in Resources */,
				2C6A686F1E642D70004F11AF /* Assets.xcassets in Resources */,
				2C6A686D1E642D70004F11AF /* Main.storyboard in Resources */,
			);
			runOnlyForDeploymentPostprocessing = 0;
		};
/* End PBXResourcesBuildPhase section */

/* Begin PBXSourcesBuildPhase section */
		2C6A68601E642D70004F11AF /* Sources */ = {
			isa = PBXSourcesBuildPhase;
			buildActionMask = 2147483647;
			files = (
				2C6A686A1E642D70004F11AF /* ViewController.swift in Sources */,
				BA06F1501E644915000BA647 /* PhotoCell.swift in Sources */,
				2C6A68681E642D70004F11AF /* AppDelegate.swift in Sources */,
			);
			runOnlyForDeploymentPostprocessing = 0;
		};
/* End PBXSourcesBuildPhase section */

/* Begin PBXVariantGroup section */
		2C6A686B1E642D70004F11AF /* Main.storyboard */ = {
			isa = PBXVariantGroup;
			children = (
				2C6A686C1E642D70004F11AF /* Base */,
			);
			name = Main.storyboard;
			sourceTree = "<group>";
		};
		2C6A68701E642D70004F11AF /* LaunchScreen.storyboard */ = {
			isa = PBXVariantGroup;
			children = (
				2C6A68711E642D70004F11AF /* Base */,
			);
			name = LaunchScreen.storyboard;
			sourceTree = "<group>";
		};
/* End PBXVariantGroup section */

/* Begin XCBuildConfiguration section */
		2C6A68741E642D70004F11AF /* Debug */ = {
			isa = XCBuildConfiguration;
			buildSettings = {
				ALWAYS_SEARCH_USER_PATHS = NO;
				CLANG_ANALYZER_NONNULL = YES;
				CLANG_CXX_LANGUAGE_STANDARD = "gnu++0x";
				CLANG_CXX_LIBRARY = "libc++";
				CLANG_ENABLE_MODULES = YES;
				CLANG_ENABLE_OBJC_ARC = YES;
				CLANG_WARN_BOOL_CONVERSION = YES;
				CLANG_WARN_CONSTANT_CONVERSION = YES;
				CLANG_WARN_DIRECT_OBJC_ISA_USAGE = YES_ERROR;
				CLANG_WARN_DOCUMENTATION_COMMENTS = YES;
				CLANG_WARN_EMPTY_BODY = YES;
				CLANG_WARN_ENUM_CONVERSION = YES;
				CLANG_WARN_INFINITE_RECURSION = YES;
				CLANG_WARN_INT_CONVERSION = YES;
				CLANG_WARN_OBJC_ROOT_CLASS = YES_ERROR;
				CLANG_WARN_SUSPICIOUS_MOVE = YES;
				CLANG_WARN_UNREACHABLE_CODE = YES;
				CLANG_WARN__DUPLICATE_METHOD_MATCH = YES;
				"CODE_SIGN_IDENTITY[sdk=iphoneos*]" = "iPhone Developer";
				COPY_PHASE_STRIP = NO;
				DEBUG_INFORMATION_FORMAT = dwarf;
				ENABLE_STRICT_OBJC_MSGSEND = YES;
				ENABLE_TESTABILITY = YES;
				GCC_C_LANGUAGE_STANDARD = gnu99;
				GCC_DYNAMIC_NO_PIC = NO;
				GCC_NO_COMMON_BLOCKS = YES;
				GCC_OPTIMIZATION_LEVEL = 0;
				GCC_PREPROCESSOR_DEFINITIONS = (
					"DEBUG=1",
					"$(inherited)",
				);
				GCC_WARN_64_TO_32_BIT_CONVERSION = YES;
				GCC_WARN_ABOUT_RETURN_TYPE = YES_ERROR;
				GCC_WARN_UNDECLARED_SELECTOR = YES;
				GCC_WARN_UNINITIALIZED_AUTOS = YES_AGGRESSIVE;
				GCC_WARN_UNUSED_FUNCTION = YES;
				GCC_WARN_UNUSED_VARIABLE = YES;
				IPHONEOS_DEPLOYMENT_TARGET = 10.2;
				MTL_ENABLE_DEBUG_INFO = YES;
				ONLY_ACTIVE_ARCH = YES;
				SDKROOT = iphoneos;
				SWIFT_ACTIVE_COMPILATION_CONDITIONS = DEBUG;
				SWIFT_OPTIMIZATION_LEVEL = "-Onone";
				TARGETED_DEVICE_FAMILY = "1,2";
			};
			name = Debug;
		};
		2C6A68751E642D70004F11AF /* Release */ = {
			isa = XCBuildConfiguration;
			buildSettings = {
				ALWAYS_SEARCH_USER_PATHS = NO;
				CLANG_ANALYZER_NONNULL = YES;
				CLANG_CXX_LANGUAGE_STANDARD = "gnu++0x";
				CLANG_CXX_LIBRARY = "libc++";
				CLANG_ENABLE_MODULES = YES;
				CLANG_ENABLE_OBJC_ARC = YES;
				CLANG_WARN_BOOL_CONVERSION = YES;
				CLANG_WARN_CONSTANT_CONVERSION = YES;
				CLANG_WARN_DIRECT_OBJC_ISA_USAGE = YES_ERROR;
				CLANG_WARN_DOCUMENTATION_COMMENTS = YES;
				CLANG_WARN_EMPTY_BODY = YES;
				CLANG_WARN_ENUM_CONVERSION = YES;
				CLANG_WARN_INFINITE_RECURSION = YES;
				CLANG_WARN_INT_CONVERSION = YES;
				CLANG_WARN_OBJC_ROOT_CLASS = YES_ERROR;
				CLANG_WARN_SUSPICIOUS_MOVE = YES;
				CLANG_WARN_UNREACHABLE_CODE = YES;
				CLANG_WARN__DUPLICATE_METHOD_MATCH = YES;
				"CODE_SIGN_IDENTITY[sdk=iphoneos*]" = "iPhone Developer";
				COPY_PHASE_STRIP = NO;
				DEBUG_INFORMATION_FORMAT = "dwarf-with-dsym";
				ENABLE_NS_ASSERTIONS = NO;
				ENABLE_STRICT_OBJC_MSGSEND = YES;
				GCC_C_LANGUAGE_STANDARD = gnu99;
				GCC_NO_COMMON_BLOCKS = YES;
				GCC_WARN_64_TO_32_BIT_CONVERSION = YES;
				GCC_WARN_ABOUT_RETURN_TYPE = YES_ERROR;
				GCC_WARN_UNDECLARED_SELECTOR = YES;
				GCC_WARN_UNINITIALIZED_AUTOS = YES_AGGRESSIVE;
				GCC_WARN_UNUSED_FUNCTION = YES;
				GCC_WARN_UNUSED_VARIABLE = YES;
				IPHONEOS_DEPLOYMENT_TARGET = 10.2;
				MTL_ENABLE_DEBUG_INFO = NO;
				SDKROOT = iphoneos;
				SWIFT_OPTIMIZATION_LEVEL = "-Owholemodule";
				TARGETED_DEVICE_FAMILY = "1,2";
				VALIDATE_PRODUCT = YES;
			};
			name = Release;
		};
		2C6A68771E642D70004F11AF /* Debug */ = {
			isa = XCBuildConfiguration;
			buildSettings = {
				ASSETCATALOG_COMPILER_APPICON_NAME = AppIcon;
				DEVELOPMENT_TEAM = 3Z3K367TN7;
				INFOPLIST_FILE = CollectionViewHomeWork/Info.plist;
				LD_RUNPATH_SEARCH_PATHS = "$(inherited) @executable_path/Frameworks";
				PRODUCT_BUNDLE_IDENTIFIER = mmd.CollectionViewHomeWork;
				PRODUCT_NAME = "$(TARGET_NAME)";
				SWIFT_VERSION = 3.0;
			};
			name = Debug;
		};
		2C6A68781E642D70004F11AF /* Release */ = {
			isa = XCBuildConfiguration;
			buildSettings = {
				ASSETCATALOG_COMPILER_APPICON_NAME = AppIcon;
				DEVELOPMENT_TEAM = 3Z3K367TN7;
				INFOPLIST_FILE = CollectionViewHomeWork/Info.plist;
				LD_RUNPATH_SEARCH_PATHS = "$(inherited) @executable_path/Frameworks";
				PRODUCT_BUNDLE_IDENTIFIER = mmd.CollectionViewHomeWork;
				PRODUCT_NAME = "$(TARGET_NAME)";
				SWIFT_VERSION = 3.0;
			};
			name = Release;
		};
/* End XCBuildConfiguration section */

/* Begin XCConfigurationList section */
		2C6A685F1E642D70004F11AF /* Build configuration list for PBXProject "CollectionViewHomeWork" */ = {
			isa = XCConfigurationList;
			buildConfigurations = (
				2C6A68741E642D70004F11AF /* Debug */,
				2C6A68751E642D70004F11AF /* Release */,
			);
			defaultConfigurationIsVisible = 0;
			defaultConfigurationName = Release;
		};
		2C6A68761E642D70004F11AF /* Build configuration list for PBXNativeTarget "CollectionViewHomeWork" */ = {
			isa = XCConfigurationList;
			buildConfigurations = (
				2C6A68771E642D70004F11AF /* Debug */,
				2C6A68781E642D70004F11AF /* Release */,
			);
			defaultConfigurationIsVisible = 0;
			defaultConfigurationName = Release;
		};
/* End XCConfigurationList section */
	};
	rootObject = 2C6A685C1E642D70004F11AF /* Project object */;
}
